
Microsoft Visual Studio Solution File, Format Version 10.00
# Visual Studio 2008
Project("{FAE04EC0-301F-11D3-BF4B-00C04F79EFBC}") = "WpfGitTest", "WpfGitTest\WpfGitTest.csproj", "{C06702A9-7554-44E9-9418-F40BC7E9672C}"
EndProject
Global
	GlobalSection(SolutionConfigurationPlatforms) = preSolution
		Debug|Any CPU = Debug|Any CPU
		Release|Any CPU = Release|Any CPU
	EndGlobalSection
	GlobalSection(ProjectConfigurationPlatforms) = postSolution
		{C06702A9-7554-44E9-9418-F40BC7E9672C}.Debug|Any CPU.ActiveCfg = Debug|Any CPU
		{C06702A9-7554-44E9-9418-F40BC7E9672C}.Debug|Any CPU.Build.0 = Debug|Any CPU
		{C06702A9-7554-44E9-9418-F40BC7E9672C}.Release|Any CPU.ActiveCfg = Release|Any CPU
		{C06702A9-7554-44E9-9418-F40BC7E9672C}.Release|Any CPU.Build.0 = Release|Any CPU
	EndGlobalSection
	GlobalSection(SolutionProperties) = preSolution
		HideSolutionNode = FALSE
	EndGlobalSection
EndGlobal
